# @generated by Move, please check-in and do not edit manually.

[move]
version = 3
manifest_digest = "C862FC13721707F12AD289E1FED7C713794BCF6A4B2DC8E450FE7B8B997B346A"
deps_digest = "F8BBB0CCB2491CA29A3DF03D6F92277A4F3574266507ACD77214D37ECA3F3082"
dependencies = [
  { id = "Sui", name = "Sui" },
]

[[move.package]]
id = "MoveStdlib"
source = { git = "https://github.com/MystenLabs/sui.git", rev = "framework/testnet", subdir = "crates/sui-framework/packages/move-stdlib" }

[[move.package]]
id = "Sui"
source = { git = "https://github.com/MystenLabs/sui.git", rev = "framework/testnet", subdir = "crates/sui-framework/packages/sui-framework" }

dependencies = [
  { id = "MoveStdlib", name = "MoveStdlib" },
]

[move.toolchain-version]
compiler-version = "1.39.1"
edition = "2024.beta"
flavor = "sui"

[env]

[env.testnet]
chain-id = "4c78adac"
original-published-id = "0xb586bc99825051472ec8cb8f526968388fd3215c6471850205b987367577f84d"
latest-published-id = "0xb586bc99825051472ec8cb8f526968388fd3215c6471850205b987367577f84d"
published-version = "1"
